
Microsoft Visual Studio Solution File, Format Version 11.00
# Visual Studio 2010
Project("{FAE04EC0-301F-11D3-BF4B-00C04F79EFBC}") = "Flood Control", "Flood Control\Flood Control\Flood Control.csproj", "{573BD13C-7B43-4BE8-8025-3D45701E5A94}"
EndProject
Project("{96E2B04D-8817-42C6-938A-82C39BA4D311}") = "Flood ControlContent", "Flood Control\Flood ControlContent\Flood ControlContent.contentproj", "{C1F4C3EA-CD6E-4C8C-9756-401EC5B2841D}"
EndProject
Global
	GlobalSection(SolutionConfigurationPlatforms) = preSolution
		Debug|x86 = Debug|x86
		Release|x86 = Release|x86
	EndGlobalSection
	GlobalSection(ProjectConfigurationPlatforms) = postSolution
		{573BD13C-7B43-4BE8-8025-3D45701E5A94}.Debug|x86.ActiveCfg = Debug|x86
		{573BD13C-7B43-4BE8-8025-3D45701E5A94}.Debug|x86.Build.0 = Debug|x86
		{573BD13C-7B43-4BE8-8025-3D45701E5A94}.Release|x86.ActiveCfg = Release|x86
		{573BD13C-7B43-4BE8-8025-3D45701E5A94}.Release|x86.Build.0 = Release|x86
		{C1F4C3EA-CD6E-4C8C-9756-401EC5B2841D}.Debug|x86.ActiveCfg = Debug|x86
		{C1F4C3EA-CD6E-4C8C-9756-401EC5B2841D}.Release|x86.ActiveCfg = Release|x86
	EndGlobalSection
	GlobalSection(SolutionProperties) = preSolution
		HideSolutionNode = FALSE
	EndGlobalSection
EndGlobal
